
Microsoft Visual Studio Solution File, Format Version 12.00
# Visual Studio Version 16
VisualStudioVersion = 25.0.1706.0
MinimumVisualStudioVersion = 10.0.40219.1
Project("{FAE04EC0-301F-11D3-BF4B-00C04F79EFBC}") = "VisualStudioDemo", "VisualStudioDemo\VisualStudioDemo.csproj", "{AA670B7A-B2EB-4034-AA57-B71619C557BB}"
EndProject
Global
	GlobalSection(SolutionConfigurationPlatforms) = preSolution
		Debug|Any CPU = Debug|Any CPU
		Release|Any CPU = Release|Any CPU
	EndGlobalSection
	GlobalSection(ProjectConfigurationPlatforms) = postSolution
		{AA670B7A-B2EB-4034-AA57-B71619C557BB}.Debug|Any CPU.ActiveCfg = Debug|Any CPU
		{AA670B7A-B2EB-4034-AA57-B71619C557BB}.Debug|Any CPU.Build.0 = Debug|Any CPU
		{AA670B7A-B2EB-4034-AA57-B71619C557BB}.Release|Any CPU.ActiveCfg = Release|Any CPU
		{AA670B7A-B2EB-4034-AA57-B71619C557BB}.Release|Any CPU.Build.0 = Release|Any CPU
	EndGlobalSection
	GlobalSection(SolutionProperties) = preSolution
		HideSolutionNode = FALSE
	EndGlobalSection
	GlobalSection(ExtensibilityGlobals) = postSolution
		SolutionGuid = {58F42EFE-83B8-43E7-B572-C89FC0866D18}
	EndGlobalSection
EndGlobal
